golang.org/x/net v0.0.0-20151203091402-d5cd7348bfeb h1:c+vUvtmJrOc/9Pl7OC8qdbKTj41p802NjMhnmIA6BjA=
golang.org/x/net v0.0.0-20151203091402-d5cd7348bfeb/go.mod h1:mL1N/T3taQHkDXs73rZJwtUhF3w3ftmwwsq0BUmARs4=
vitess.io/vitess v0.0.0-20180629154927-7bfd5e8a866f h1:N/Dzj7aIUOXPHw07bBhh6pitM9KWMyA/cZRZnmHBNhQ=
vitess.io/vitess v0.0.0-20180629154927-7bfd5e8a866f/go.mod h1:h4qvkyNYTOC0xI+vcidSWoka0gQAZc9ZPHbkHo48gP0=
